// !$*UTF8*$!
{
	archiveVersion = 1;
	classes = {
	};
	objectVersion = 46;
	objects = {

/* Begin PBXBuildFile section */
		6C7CC63C1DAA320B007EE83C /* CourseView.swift in Sources */ = {isa = PBXBuildFile; fileRef = 6C7CC63B1DAA320B007EE83C /* CourseView.swift */; };
		6C9773F81D924B9D00465CBE /* MyCourseController.swift in Sources */ = {isa = PBXBuildFile; fileRef = 6C9773F71D924B9D00465CBE /* MyCourseController.swift */; };
		6CED3E971D9132F5009F15E8 /* FKBaseController.swift in Sources */ = {isa = PBXBuildFile; fileRef = 6CED3E961D9132F5009F15E8 /* FKBaseController.swift */; };
		A62018861D86CA030085DF80 /* AppDelegate.swift in Sources */ = {isa = PBXBuildFile; fileRef = A62018851D86CA030085DF80 /* AppDelegate.swift */; };
		A62018901D86CA030085DF80 /* Assets.xcassets in Resources */ = {isa = PBXBuildFile; fileRef = A620188F1D86CA030085DF80 /* Assets.xcassets */; };
		A62018931D86CA030085DF80 /* LaunchScreen.storyboard in Resources */ = {isa = PBXBuildFile; fileRef = A62018911D86CA030085DF80 /* LaunchScreen.storyboard */; };
		A67007B91FBD6A53008391F0 /* iPhoneMain.storyboard in Resources */ = {isa = PBXBuildFile; fileRef = A67007B81FBD6A53008391F0 /* iPhoneMain.storyboard */; };
		A67DBB021FD50ED600F085A3 /* CALayer.swift in Sources */ = {isa = PBXBuildFile; fileRef = A67DBAF71FD50ED600F085A3 /* CALayer.swift */; };
		A67DBB031FD50ED600F085A3 /* UIView.swift in Sources */ = {isa = PBXBuildFile; fileRef = A67DBAF81FD50ED600F085A3 /* UIView.swift */; };
		A67DBB041FD50ED600F085A3 /* Array.swift in Sources */ = {isa = PBXBuildFile; fileRef = A67DBAF91FD50ED600F085A3 /* Array.swift */; };
		A67DBB051FD50ED600F085A3 /* Image.swift in Sources */ = {isa = PBXBuildFile; fileRef = A67DBAFA1FD50ED600F085A3 /* Image.swift */; };
		A67DBB061FD50ED600F085A3 /* Screen.swift in Sources */ = {isa = PBXBuildFile; fileRef = A67DBAFB1FD50ED600F085A3 /* Screen.swift */; };
		A67DBB071FD50ED600F085A3 /* String.swift in Sources */ = {isa = PBXBuildFile; fileRef = A67DBAFC1FD50ED600F085A3 /* String.swift */; };
		A67DBB081FD50ED600F085A3 /* Color.swift in Sources */ = {isa = PBXBuildFile; fileRef = A67DBAFD1FD50ED600F085A3 /* Color.swift */; };
		A67DBB091FD50ED600F085A3 /* File.swift in Sources */ = {isa = PBXBuildFile; fileRef = A67DBAFF1FD50ED600F085A3 /* File.swift */; };
		A67DBB0A1FD50ED600F085A3 /* FKButton.swift in Sources */ = {isa = PBXBuildFile; fileRef = A67DBB011FD50ED600F085A3 /* FKButton.swift */; };
		A67DBB171FD5275000F085A3 /* BaseNavigationController.swift in Sources */ = {isa = PBXBuildFile; fileRef = A67DBB0C1FD5274F00F085A3 /* BaseNavigationController.swift */; };
		A67DBB181FD5275000F085A3 /* DrawerTabController.swift in Sources */ = {isa = PBXBuildFile; fileRef = A67DBB0D1FD5274F00F085A3 /* DrawerTabController.swift */; };
		A67DBB1A1FD5275000F085A3 /* ModelUtil.swift in Sources */ = {isa = PBXBuildFile; fileRef = A67DBB101FD5274F00F085A3 /* ModelUtil.swift */; };
		A67DBB1B1FD5275000F085A3 /* Utils.swift in Sources */ = {isa = PBXBuildFile; fileRef = A67DBB121FD5274F00F085A3 /* Utils.swift */; };
		A67DBB1C1FD5275000F085A3 /* HamburgerView.swift in Sources */ = {isa = PBXBuildFile; fileRef = A67DBB141FD5274F00F085A3 /* HamburgerView.swift */; };
		A67DBB1D1FD5275000F085A3 /* MDRippleView.swift in Sources */ = {isa = PBXBuildFile; fileRef = A67DBB151FD5274F00F085A3 /* MDRippleView.swift */; };
		A67DBB1E1FD5275000F085A3 /* NavigationDrawer.swift in Sources */ = {isa = PBXBuildFile; fileRef = A67DBB161FD5275000F085A3 /* NavigationDrawer.swift */; };
		A67DBB211FD5297400F085A3 /* DYJW.xcdatamodeld in Sources */ = {isa = PBXBuildFile; fileRef = A67DBB1F1FD5297400F085A3 /* DYJW.xcdatamodeld */; };
		A67DBB231FD52AD300F085A3 /* NavigationDrawer.xib in Resources */ = {isa = PBXBuildFile; fileRef = A67DBB221FD52AD300F085A3 /* NavigationDrawer.xib */; };
		A67DBB261FD52ED800F085A3 /* DrawerCell.swift in Sources */ = {isa = PBXBuildFile; fileRef = A67DBB241FD52ED800F085A3 /* DrawerCell.swift */; };
		A67DBB271FD52ED800F085A3 /* DrawerCell.xib in Resources */ = {isa = PBXBuildFile; fileRef = A67DBB251FD52ED800F085A3 /* DrawerCell.xib */; };
		A67DBB291FD54F9800F085A3 /* BaseViewController.swift in Sources */ = {isa = PBXBuildFile; fileRef = A67DBB281FD54F9800F085A3 /* BaseViewController.swift */; };
		FD2ED9911DF94B4A003FE4F8 /* CoreData.framework in Frameworks */ = {isa = PBXBuildFile; fileRef = FD2ED9901DF94B4A003FE4F8 /* CoreData.framework */; };
/* End PBXBuildFile section */

/* Begin PBXFileReference section */
		6C7CC63B1DAA320B007EE83C /* CourseView.swift */ = {isa = PBXFileReference; fileEncoding = 4; lastKnownFileType = sourcecode.swift; path = CourseView.swift; sourceTree = "<group>"; };
		6C9773F71D924B9D00465CBE /* MyCourseController.swift */ = {isa = PBXFileReference; fileEncoding = 4; lastKnownFileType = sourcecode.swift; path = MyCourseController.swift; sourceTree = "<group>"; };
		6CED3E961D9132F5009F15E8 /* FKBaseController.swift */ = {isa = PBXFileReference; fileEncoding = 4; lastKnownFileType = sourcecode.swift; path = FKBaseController.swift; sourceTree = "<group>"; };
		A62018821D86CA030085DF80 /* 东油教务.app */ = {isa = PBXFileReference; explicitFileType = wrapper.application; includeInIndex = 0; path = "东油教务.app"; sourceTree = BUILT_PRODUCTS_DIR; };
		A62018851D86CA030085DF80 /* AppDelegate.swift */ = {isa = PBXFileReference; lastKnownFileType = sourcecode.swift; path = AppDelegate.swift; sourceTree = "<group>"; };
		A620188F1D86CA030085DF80 /* Assets.xcassets */ = {isa = PBXFileReference; lastKnownFileType = folder.assetcatalog; path = Assets.xcassets; sourceTree = "<group>"; };
		A62018921D86CA030085DF80 /* Base */ = {isa = PBXFileReference; lastKnownFileType = file.storyboard; name = Base; path = Base.lproj/LaunchScreen.storyboard; sourceTree = "<group>"; };
		A62018941D86CA030085DF80 /* Info.plist */ = {isa = PBXFileReference; lastKnownFileType = text.plist.xml; path = Info.plist; sourceTree = "<group>"; };
		A67007B81FBD6A53008391F0 /* iPhoneMain.storyboard */ = {isa = PBXFileReference; lastKnownFileType = file.storyboard; path = iPhoneMain.storyboard; sourceTree = "<group>"; };
		A67DBAF71FD50ED600F085A3 /* CALayer.swift */ = {isa = PBXFileReference; fileEncoding = 4; lastKnownFileType = sourcecode.swift; path = CALayer.swift; sourceTree = "<group>"; };
		A67DBAF81FD50ED600F085A3 /* UIView.swift */ = {isa = PBXFileReference; fileEncoding = 4; lastKnownFileType = sourcecode.swift; path = UIView.swift; sourceTree = "<group>"; };
		A67DBAF91FD50ED600F085A3 /* Array.swift */ = {isa = PBXFileReference; fileEncoding = 4; lastKnownFileType = sourcecode.swift; path = Array.swift; sourceTree = "<group>"; };
		A67DBAFA1FD50ED600F085A3 /* Image.swift */ = {isa = PBXFileReference; fileEncoding = 4; lastKnownFileType = sourcecode.swift; path = Image.swift; sourceTree = "<group>"; };
		A67DBAFB1FD50ED600F085A3 /* Screen.swift */ = {isa = PBXFileReference; fileEncoding = 4; lastKnownFileType = sourcecode.swift; path = Screen.swift; sourceTree = "<group>"; };
		A67DBAFC1FD50ED600F085A3 /* String.swift */ = {isa = PBXFileReference; fileEncoding = 4; lastKnownFileType = sourcecode.swift; path = String.swift; sourceTree = "<group>"; };
		A67DBAFD1FD50ED600F085A3 /* Color.swift */ = {isa = PBXFileReference; fileEncoding = 4; lastKnownFileType = sourcecode.swift; path = Color.swift; sourceTree = "<group>"; };
		A67DBAFF1FD50ED600F085A3 /* File.swift */ = {isa = PBXFileReference; fileEncoding = 4; lastKnownFileType = sourcecode.swift; path = File.swift; sourceTree = "<group>"; };
		A67DBB011FD50ED600F085A3 /* FKButton.swift */ = {isa = PBXFileReference; fileEncoding = 4; lastKnownFileType = sourcecode.swift; path = FKButton.swift; sourceTree = "<group>"; };
		A67DBB0C1FD5274F00F085A3 /* BaseNavigationController.swift */ = {isa = PBXFileReference; fileEncoding = 4; lastKnownFileType = sourcecode.swift; path = BaseNavigationController.swift; sourceTree = "<group>"; };
		A67DBB0D1FD5274F00F085A3 /* DrawerTabController.swift */ = {isa = PBXFileReference; fileEncoding = 4; lastKnownFileType = sourcecode.swift; path = DrawerTabController.swift; sourceTree = "<group>"; };
		A67DBB101FD5274F00F085A3 /* ModelUtil.swift */ = {isa = PBXFileReference; fileEncoding = 4; lastKnownFileType = sourcecode.swift; path = ModelUtil.swift; sourceTree = "<group>"; };
		A67DBB111FD5274F00F085A3 /* DYJW-Bridging-Header.h */ = {isa = PBXFileReference; fileEncoding = 4; lastKnownFileType = sourcecode.c.h; path = "DYJW-Bridging-Header.h"; sourceTree = "<group>"; };
		A67DBB121FD5274F00F085A3 /* Utils.swift */ = {isa = PBXFileReference; fileEncoding = 4; lastKnownFileType = sourcecode.swift; path = Utils.swift; sourceTree = "<group>"; };
		A67DBB141FD5274F00F085A3 /* HamburgerView.swift */ = {isa = PBXFileReference; fileEncoding = 4; lastKnownFileType = sourcecode.swift; path = HamburgerView.swift; sourceTree = "<group>"; };
		A67DBB151FD5274F00F085A3 /* MDRippleView.swift */ = {isa = PBXFileReference; fileEncoding = 4; lastKnownFileType = sourcecode.swift; path = MDRippleView.swift; sourceTree = "<group>"; };
		A67DBB161FD5275000F085A3 /* NavigationDrawer.swift */ = {isa = PBXFileReference; fileEncoding = 4; lastKnownFileType = sourcecode.swift; path = NavigationDrawer.swift; sourceTree = "<group>"; };
		A67DBB201FD5297400F085A3 /* DYJW.xcdatamodel */ = {isa = PBXFileReference; lastKnownFileType = wrapper.xcdatamodel; path = DYJW.xcdatamodel; sourceTree = "<group>"; };
		A67DBB221FD52AD300F085A3 /* NavigationDrawer.xib */ = {isa = PBXFileReference; lastKnownFileType = file.xib; path = NavigationDrawer.xib; sourceTree = "<group>"; };
		A67DBB241FD52ED800F085A3 /* DrawerCell.swift */ = {isa = PBXFileReference; lastKnownFileType = sourcecode.swift; path = DrawerCell.swift; sourceTree = "<group>"; };
		A67DBB251FD52ED800F085A3 /* DrawerCell.xib */ = {isa = PBXFileReference; lastKnownFileType = file.xib; path = DrawerCell.xib; sourceTree = "<group>"; };
		A67DBB281FD54F9800F085A3 /* BaseViewController.swift */ = {isa = PBXFileReference; lastKnownFileType = sourcecode.swift; path = BaseViewController.swift; sourceTree = "<group>"; };
		FD2ED9901DF94B4A003FE4F8 /* CoreData.framework */ = {isa = PBXFileReference; lastKnownFileType = wrapper.framework; name = CoreData.framework; path = System/Library/Frameworks/CoreData.framework; sourceTree = SDKROOT; };
/* End PBXFileReference section */

/* Begin PBXFrameworksBuildPhase section */
		A620187F1D86CA030085DF80 /* Frameworks */ = {
			isa = PBXFrameworksBuildPhase;
			buildActionMask = 2147483647;
			files = (
				FD2ED9911DF94B4A003FE4F8 /* CoreData.framework in Frameworks */,
			);
			runOnlyForDeploymentPostprocessing = 0;
		};
/* End PBXFrameworksBuildPhase section */

/* Begin PBXGroup section */
		6C9773F31D924B6D00465CBE /* MyCourses */ = {
			isa = PBXGroup;
			children = (
				6C9773F41D924B6D00465CBE /* Controller */,
				6C9773F51D924B6D00465CBE /* Model */,
				6C9773F61D924B6D00465CBE /* View */,
			);
			path = MyCourses;
			sourceTree = "<group>";
		};
		6C9773F41D924B6D00465CBE /* Controller */ = {
			isa = PBXGroup;
			children = (
				6C9773F71D924B9D00465CBE /* MyCourseController.swift */,
			);
			path = Controller;
			sourceTree = "<group>";
		};
		6C9773F51D924B6D00465CBE /* Model */ = {
			isa = PBXGroup;
			children = (
			);
			path = Model;
			sourceTree = "<group>";
		};
		6C9773F61D924B6D00465CBE /* View */ = {
			isa = PBXGroup;
			children = (
				6C7CC63B1DAA320B007EE83C /* CourseView.swift */,
			);
			path = View;
			sourceTree = "<group>";
		};
		6CED3E8C1D911EA2009F15E8 /* iPad */ = {
			isa = PBXGroup;
			children = (
			);
			path = iPad;
			sourceTree = "<group>";
		};
		6CED3E8D1D911EA2009F15E8 /* iPhone */ = {
			isa = PBXGroup;
			children = (
				6CED3E8E1D911EA2009F15E8 /* Common */,
				6C9773F31D924B6D00465CBE /* MyCourses */,
				A67007B81FBD6A53008391F0 /* iPhoneMain.storyboard */,
			);
			path = iPhone;
			sourceTree = "<group>";
		};
		6CED3E8E1D911EA2009F15E8 /* Common */ = {
			isa = PBXGroup;
			children = (
				6CED3E8F1D911EA2009F15E8 /* Controller */,
				6CED3E901D911EA2009F15E8 /* Model */,
				6CED3E911D911EA2009F15E8 /* View */,
			);
			path = Common;
			sourceTree = "<group>";
		};
		6CED3E8F1D911EA2009F15E8 /* Controller */ = {
			isa = PBXGroup;
			children = (
				6CED3E961D9132F5009F15E8 /* FKBaseController.swift */,
			);
			path = Controller;
			sourceTree = "<group>";
		};
		6CED3E901D911EA2009F15E8 /* Model */ = {
			isa = PBXGroup;
			children = (
			);
			path = Model;
			sourceTree = "<group>";
		};
		6CED3E911D911EA2009F15E8 /* View */ = {
			isa = PBXGroup;
			children = (
			);
			path = View;
			sourceTree = "<group>";
		};
		A62018791D86CA030085DF80 = {
			isa = PBXGroup;
			children = (
				A62018841D86CA030085DF80 /* DYJW */,
				A62018831D86CA030085DF80 /* Products */,
				FD2ED98F1DF94B4A003FE4F8 /* Frameworks */,
			);
			sourceTree = "<group>";
		};
		A62018831D86CA030085DF80 /* Products */ = {
			isa = PBXGroup;
			children = (
				A62018821D86CA030085DF80 /* 东油教务.app */,
			);
			name = Products;
			sourceTree = "<group>";
		};
		A62018841D86CA030085DF80 /* DYJW */ = {
			isa = PBXGroup;
			children = (
				A620189C1D86CAA40085DF80 /* Common */,
				6CED3E8D1D911EA2009F15E8 /* iPhone */,
				6CED3E8C1D911EA2009F15E8 /* iPad */,
				A62018851D86CA030085DF80 /* AppDelegate.swift */,
				A620188F1D86CA030085DF80 /* Assets.xcassets */,
				A62018911D86CA030085DF80 /* LaunchScreen.storyboard */,
				A62018941D86CA030085DF80 /* Info.plist */,
				A67DBB1F1FD5297400F085A3 /* DYJW.xcdatamodeld */,
			);
			path = DYJW;
			sourceTree = "<group>";
		};
		A620189C1D86CAA40085DF80 /* Common */ = {
			isa = PBXGroup;
			children = (
				A67DBB0B1FD5274F00F085A3 /* Controller */,
				A67DBB0E1FD5274F00F085A3 /* Model */,
				A67DBB131FD5274F00F085A3 /* View */,
				A62018A31D86CC7D0085DF80 /* Library */,
				A630EFF01F221E2C00148B93 /* Extension */,
				A630EFF11F221E2C00148B93 /* Util */,
			);
			path = Common;
			sourceTree = "<group>";
		};
		A62018A31D86CC7D0085DF80 /* Library */ = {
			isa = PBXGroup;
			children = (
				A67DBAF51FD50ED600F085A3 /* FKTools */,
			);
			path = Library;
			sourceTree = "<group>";
		};
		A630EFF01F221E2C00148B93 /* Extension */ = {
			isa = PBXGroup;
			children = (
			);
			path = Extension;
			sourceTree = "<group>";
		};
		A630EFF11F221E2C00148B93 /* Util */ = {
			isa = PBXGroup;
			children = (
			);
			path = Util;
			sourceTree = "<group>";
		};
		A67DBAF51FD50ED600F085A3 /* FKTools */ = {
			isa = PBXGroup;
			children = (
				A67DBAF61FD50ED600F085A3 /* Extension */,
				A67DBAFE1FD50ED600F085A3 /* Util */,
				A67DBB001FD50ED600F085A3 /* View */,
			);
			path = FKTools;
			sourceTree = "<group>";
		};
		A67DBAF61FD50ED600F085A3 /* Extension */ = {
			isa = PBXGroup;
			children = (
				A67DBAF71FD50ED600F085A3 /* CALayer.swift */,
				A67DBAF81FD50ED600F085A3 /* UIView.swift */,
				A67DBAF91FD50ED600F085A3 /* Array.swift */,
				A67DBAFA1FD50ED600F085A3 /* Image.swift */,
				A67DBAFB1FD50ED600F085A3 /* Screen.swift */,
				A67DBAFC1FD50ED600F085A3 /* String.swift */,
				A67DBAFD1FD50ED600F085A3 /* Color.swift */,
			);
			path = Extension;
			sourceTree = "<group>";
		};
		A67DBAFE1FD50ED600F085A3 /* Util */ = {
			isa = PBXGroup;
			children = (
				A67DBAFF1FD50ED600F085A3 /* File.swift */,
			);
			path = Util;
			sourceTree = "<group>";
		};
		A67DBB001FD50ED600F085A3 /* View */ = {
			isa = PBXGroup;
			children = (
				A67DBB011FD50ED600F085A3 /* FKButton.swift */,
			);
			path = View;
			sourceTree = "<group>";
		};
		A67DBB0B1FD5274F00F085A3 /* Controller */ = {
			isa = PBXGroup;
			children = (
				A67DBB0C1FD5274F00F085A3 /* BaseNavigationController.swift */,
				A67DBB0D1FD5274F00F085A3 /* DrawerTabController.swift */,
				A67DBB281FD54F9800F085A3 /* BaseViewController.swift */,
			);
			path = Controller;
			sourceTree = "<group>";
		};
		A67DBB0E1FD5274F00F085A3 /* Model */ = {
			isa = PBXGroup;
			children = (
				A67DBB101FD5274F00F085A3 /* ModelUtil.swift */,
				A67DBB111FD5274F00F085A3 /* DYJW-Bridging-Header.h */,
				A67DBB121FD5274F00F085A3 /* Utils.swift */,
			);
			path = Model;
			sourceTree = "<group>";
		};
		A67DBB131FD5274F00F085A3 /* View */ = {
			isa = PBXGroup;
			children = (
				A67DBB141FD5274F00F085A3 /* HamburgerView.swift */,
				A67DBB151FD5274F00F085A3 /* MDRippleView.swift */,
				A67DBB161FD5275000F085A3 /* NavigationDrawer.swift */,
				A67DBB221FD52AD300F085A3 /* NavigationDrawer.xib */,
				A67DBB241FD52ED800F085A3 /* DrawerCell.swift */,
				A67DBB251FD52ED800F085A3 /* DrawerCell.xib */,
			);
			path = View;
			sourceTree = "<group>";
		};
		FD2ED98F1DF94B4A003FE4F8 /* Frameworks */ = {
			isa = PBXGroup;
			children = (
				FD2ED9901DF94B4A003FE4F8 /* CoreData.framework */,
			);
			name = Frameworks;
			sourceTree = "<group>";
		};
/* End PBXGroup section */

/* Begin PBXNativeTarget section */
		A62018811D86CA030085DF80 /* DYJW */ = {
			isa = PBXNativeTarget;
			buildConfigurationList = A62018971D86CA030085DF80 /* Build configuration list for PBXNativeTarget "DYJW" */;
			buildPhases = (
				A620187E1D86CA030085DF80 /* Sources */,
				A620187F1D86CA030085DF80 /* Frameworks */,
				A62018801D86CA030085DF80 /* Resources */,
			);
			buildRules = (
			);
			dependencies = (
			);
			name = DYJW;
			productName = DYJW;
			productReference = A62018821D86CA030085DF80 /* 东油教务.app */;
			productType = "com.apple.product-type.application";
		};
/* End PBXNativeTarget section */

/* Begin PBXProject section */
		A620187A1D86CA030085DF80 /* Project object */ = {
			isa = PBXProject;
			attributes = {
				LastSwiftUpdateCheck = 0730;
				LastUpgradeCheck = 0730;
				ORGANIZATIONNAME = "Doge Studio";
				TargetAttributes = {
					A62018811D86CA030085DF80 = {
						CreatedOnToolsVersion = 7.3.1;
						DevelopmentTeam = 77M64ZZJGP;
						LastSwiftMigration = 0810;
					};
				};
			};
			buildConfigurationList = A620187D1D86CA030085DF80 /* Build configuration list for PBXProject "DYJW" */;
			compatibilityVersion = "Xcode 3.2";
			developmentRegion = English;
			hasScannedForEncodings = 0;
			knownRegions = (
				en,
				Base,
			);
			mainGroup = A62018791D86CA030085DF80;
			productRefGroup = A62018831D86CA030085DF80 /* Products */;
			projectDirPath = "";
			projectRoot = "";
			targets = (
				A62018811D86CA030085DF80 /* DYJW */,
			);
		};
/* End PBXProject section */

/* Begin PBXResourcesBuildPhase section */
		A62018801D86CA030085DF80 /* Resources */ = {
			isa = PBXResourcesBuildPhase;
			buildActionMask = 2147483647;
			files = (
				A67DBB271FD52ED800F085A3 /* DrawerCell.xib in Resources */,
				A62018931D86CA030085DF80 /* LaunchScreen.storyboard in Resources */,
				A62018901D86CA030085DF80 /* Assets.xcassets in Resources */,
				A67DBB231FD52AD300F085A3 /* NavigationDrawer.xib in Resources */,
				A67007B91FBD6A53008391F0 /* iPhoneMain.storyboard in Resources */,
			);
			runOnlyForDeploymentPostprocessing = 0;
		};
/* End PBXResourcesBuildPhase section */

/* Begin PBXSourcesBuildPhase section */
		A620187E1D86CA030085DF80 /* Sources */ = {
			isa = PBXSourcesBuildPhase;
			buildActionMask = 2147483647;
			files = (
				A67DBB091FD50ED600F085A3 /* File.swift in Sources */,
				6CED3E971D9132F5009F15E8 /* FKBaseController.swift in Sources */,
				A67DBB1E1FD5275000F085A3 /* NavigationDrawer.swift in Sources */,
				A67DBB291FD54F9800F085A3 /* BaseViewController.swift in Sources */,
				A67DBB041FD50ED600F085A3 /* Array.swift in Sources */,
				A67DBB181FD5275000F085A3 /* DrawerTabController.swift in Sources */,
				A67DBB021FD50ED600F085A3 /* CALayer.swift in Sources */,
				A67DBB0A1FD50ED600F085A3 /* FKButton.swift in Sources */,
				A67DBB081FD50ED600F085A3 /* Color.swift in Sources */,
				A67DBB261FD52ED800F085A3 /* DrawerCell.swift in Sources */,
				A67DBB171FD5275000F085A3 /* BaseNavigationController.swift in Sources */,
				A67DBB051FD50ED600F085A3 /* Image.swift in Sources */,
				A67DBB1C1FD5275000F085A3 /* HamburgerView.swift in Sources */,
				A67DBB1A1FD5275000F085A3 /* ModelUtil.swift in Sources */,
				6C7CC63C1DAA320B007EE83C /* CourseView.swift in Sources */,
				A67DBB061FD50ED600F085A3 /* Screen.swift in Sources */,
				A67DBB211FD5297400F085A3 /* DYJW.xcdatamodeld in Sources */,
				A67DBB031FD50ED600F085A3 /* UIView.swift in Sources */,
				A67DBB1B1FD5275000F085A3 /* Utils.swift in Sources */,
				A67DBB071FD50ED600F085A3 /* String.swift in Sources */,
				6C9773F81D924B9D00465CBE /* MyCourseController.swift in Sources */,
				A62018861D86CA030085DF80 /* AppDelegate.swift in Sources */,
				A67DBB1D1FD5275000F085A3 /* MDRippleView.swift in Sources */,
			);
			runOnlyForDeploymentPostprocessing = 0;
		};
/* End PBXSourcesBuildPhase section */

/* Begin PBXVariantGroup section */
		A62018911D86CA030085DF80 /* LaunchScreen.storyboard */ = {
			isa = PBXVariantGroup;
			children = (
				A62018921D86CA030085DF80 /* Base */,
			);
			name = LaunchScreen.storyboard;
			sourceTree = "<group>";
		};
/* End PBXVariantGroup section */

/* Begin XCBuildConfiguration section */
		A62018951D86CA030085DF80 /* Debug */ = {
			isa = XCBuildConfiguration;
			buildSettings = {
				ALWAYS_SEARCH_USER_PATHS = NO;
				CLANG_ANALYZER_NONNULL = YES;
				CLANG_CXX_LANGUAGE_STANDARD = "gnu++0x";
				CLANG_CXX_LIBRARY = "libc++";
				CLANG_ENABLE_MODULES = YES;
				CLANG_ENABLE_OBJC_ARC = YES;
				CLANG_WARN_BOOL_CONVERSION = YES;
				CLANG_WARN_CONSTANT_CONVERSION = YES;
				CLANG_WARN_DIRECT_OBJC_ISA_USAGE = YES_ERROR;
				CLANG_WARN_EMPTY_BODY = YES;
				CLANG_WARN_ENUM_CONVERSION = YES;
				CLANG_WARN_INT_CONVERSION = YES;
				CLANG_WARN_OBJC_ROOT_CLASS = YES_ERROR;
				CLANG_WARN_UNREACHABLE_CODE = YES;
				CLANG_WARN__DUPLICATE_METHOD_MATCH = YES;
				"CODE_SIGN_IDENTITY[sdk=iphoneos*]" = "iPhone Developer";
				COPY_PHASE_STRIP = NO;
				DEBUG_INFORMATION_FORMAT = dwarf;
				ENABLE_STRICT_OBJC_MSGSEND = YES;
				ENABLE_TESTABILITY = YES;
				GCC_C_LANGUAGE_STANDARD = gnu99;
				GCC_DYNAMIC_NO_PIC = NO;
				GCC_NO_COMMON_BLOCKS = YES;
				GCC_OPTIMIZATION_LEVEL = 0;
				GCC_PREPROCESSOR_DEFINITIONS = (
					"DEBUG=1",
					"$(inherited)",
				);
				GCC_WARN_64_TO_32_BIT_CONVERSION = YES;
				GCC_WARN_ABOUT_RETURN_TYPE = YES_ERROR;
				GCC_WARN_UNDECLARED_SELECTOR = YES;
				GCC_WARN_UNINITIALIZED_AUTOS = YES_AGGRESSIVE;
				GCC_WARN_UNUSED_FUNCTION = YES;
				GCC_WARN_UNUSED_VARIABLE = YES;
				IPHONEOS_DEPLOYMENT_TARGET = 8.0;
				MTL_ENABLE_DEBUG_INFO = YES;
				ONLY_ACTIVE_ARCH = YES;
				SDKROOT = iphoneos;
				SWIFT_OPTIMIZATION_LEVEL = "-Onone";
				TARGETED_DEVICE_FAMILY = "1,2";
			};
			name = Debug;
		};
		A62018961D86CA030085DF80 /* Release */ = {
			isa = XCBuildConfiguration;
			buildSettings = {
				ALWAYS_SEARCH_USER_PATHS = NO;
				CLANG_ANALYZER_NONNULL = YES;
				CLANG_CXX_LANGUAGE_STANDARD = "gnu++0x";
				CLANG_CXX_LIBRARY = "libc++";
				CLANG_ENABLE_MODULES = YES;
				CLANG_ENABLE_OBJC_ARC = YES;
				CLANG_WARN_BOOL_CONVERSION = YES;
				CLANG_WARN_CONSTANT_CONVERSION = YES;
				CLANG_WARN_DIRECT_OBJC_ISA_USAGE = YES_ERROR;
				CLANG_WARN_EMPTY_BODY = YES;
				CLANG_WARN_ENUM_CONVERSION = YES;
				CLANG_WARN_INT_CONVERSION = YES;
				CLANG_WARN_OBJC_ROOT_CLASS = YES_ERROR;
				CLANG_WARN_UNREACHABLE_CODE = YES;
				CLANG_WARN__DUPLICATE_METHOD_MATCH = YES;
				"CODE_SIGN_IDENTITY[sdk=iphoneos*]" = "iPhone Developer";
				COPY_PHASE_STRIP = NO;
				DEBUG_INFORMATION_FORMAT = "dwarf-with-dsym";
				ENABLE_NS_ASSERTIONS = NO;
				ENABLE_STRICT_OBJC_MSGSEND = YES;
				GCC_C_LANGUAGE_STANDARD = gnu99;
				GCC_NO_COMMON_BLOCKS = YES;
				GCC_WARN_64_TO_32_BIT_CONVERSION = YES;
				GCC_WARN_ABOUT_RETURN_TYPE = YES_ERROR;
				GCC_WARN_UNDECLARED_SELECTOR = YES;
				GCC_WARN_UNINITIALIZED_AUTOS = YES_AGGRESSIVE;
				GCC_WARN_UNUSED_FUNCTION = YES;
				GCC_WARN_UNUSED_VARIABLE = YES;
				IPHONEOS_DEPLOYMENT_TARGET = 8.0;
				MTL_ENABLE_DEBUG_INFO = NO;
				SDKROOT = iphoneos;
				TARGETED_DEVICE_FAMILY = "1,2";
				VALIDATE_PRODUCT = YES;
			};
			name = Release;
		};
		A62018981D86CA030085DF80 /* Debug */ = {
			isa = XCBuildConfiguration;
			buildSettings = {
				ASSETCATALOG_COMPILER_APPICON_NAME = AppIcon;
				CLANG_ENABLE_MODULES = YES;
				DEVELOPMENT_TEAM = 77M64ZZJGP;
				INFOPLIST_FILE = DYJW/Info.plist;
				IPHONEOS_DEPLOYMENT_TARGET = 9.0;
				LD_RUNPATH_SEARCH_PATHS = "$(inherited) @executable_path/Frameworks";
				PRODUCT_BUNDLE_IDENTIFIER = com.flykite.DYJW;
				PRODUCT_NAME = "东油教务";
				SWIFT_OBJC_BRIDGING_HEADER = "DYJW/Common/Model/DYJW-Bridging-Header.h";
				SWIFT_OPTIMIZATION_LEVEL = "-Onone";
				SWIFT_VERSION = 4.0;
			};
			name = Debug;
		};
		A62018991D86CA030085DF80 /* Release */ = {
			isa = XCBuildConfiguration;
			buildSettings = {
				ASSETCATALOG_COMPILER_APPICON_NAME = AppIcon;
				CLANG_ENABLE_MODULES = YES;
				DEVELOPMENT_TEAM = 77M64ZZJGP;
				INFOPLIST_FILE = DYJW/Info.plist;
				IPHONEOS_DEPLOYMENT_TARGET = 9.0;
				LD_RUNPATH_SEARCH_PATHS = "$(inherited) @executable_path/Frameworks";
				PRODUCT_BUNDLE_IDENTIFIER = com.flykite.DYJW;
				PRODUCT_NAME = "东油教务";
				SWIFT_OBJC_BRIDGING_HEADER = "DYJW/Common/Model/DYJW-Bridging-Header.h";
				SWIFT_VERSION = 4.0;
			};
			name = Release;
		};
/* End XCBuildConfiguration section */

/* Begin XCConfigurationList section */
		A620187D1D86CA030085DF80 /* Build configuration list for PBXProject "DYJW" */ = {
			isa = XCConfigurationList;
			buildConfigurations = (
				A62018951D86CA030085DF80 /* Debug */,
				A62018961D86CA030085DF80 /* Release */,
			);
			defaultConfigurationIsVisible = 0;
			defaultConfigurationName = Release;
		};
		A62018971D86CA030085DF80 /* Build configuration list for PBXNativeTarget "DYJW" */ = {
			isa = XCConfigurationList;
			buildConfigurations = (
				A62018981D86CA030085DF80 /* Debug */,
				A62018991D86CA030085DF80 /* Release */,
			);
			defaultConfigurationIsVisible = 0;
			defaultConfigurationName = Release;
		};
/* End XCConfigurationList section */

/* Begin XCVersionGroup section */
		A67DBB1F1FD5297400F085A3 /* DYJW.xcdatamodeld */ = {
			isa = XCVersionGroup;
			children = (
				A67DBB201FD5297400F085A3 /* DYJW.xcdatamodel */,
			);
			currentVersion = A67DBB201FD5297400F085A3 /* DYJW.xcdatamodel */;
			path = DYJW.xcdatamodeld;
			sourceTree = "<group>";
			versionGroupType = wrapper.xcdatamodel;
		};
/* End XCVersionGroup section */
	};
	rootObject = A620187A1D86CA030085DF80 /* Project object */;
}
